<Solution>
  <Configurations>
    <BuildType Name="Debug" />
    <BuildType Name="Development" />
    <BuildType Name="Release" />
  </Configurations>
  <Project Path="Dashboards.Database.ETL/Dashboards.Database.ETL.dtproj" Type="c9674dcb-5085-4a16-b785-4c70dd1589bd">
    <BuildType Project="Development" />
    <Platform Project="?" />
  </Project>
  <Project Path="Dashboards.Database/Dashboards.Database.sqlproj" Id="156cb851-2802-43e3-b57f-577dacdef178">
    <BuildType Solution="Development|*" Project="Release" />
    <Build />
    <Deploy />
  </Project>
</Solution>
